
Microsoft Visual Studio Solution File, Format Version 12.00
# Visual Studio Version 17
VisualStudioVersion = 17.5.33424.131
MinimumVisualStudioVersion = 10.0.40219.1
Project("{FAE04EC0-301F-11D3-BF4B-00C04F79EFBC}") = "CodeTracker2", "CodeTracker2\CodeTracker2.csproj", "{65077464-CC2D-44D8-9BFC-441F8BCE46FF}"
EndProject
Global
	GlobalSection(SolutionConfigurationPlatforms) = preSolution
		Debug|Any CPU = Debug|Any CPU
		Release|Any CPU = Release|Any CPU
	EndGlobalSection
	GlobalSection(ProjectConfigurationPlatforms) = postSolution
		{65077464-CC2D-44D8-9BFC-441F8BCE46FF}.Debug|Any CPU.ActiveCfg = Debug|Any CPU
		{65077464-CC2D-44D8-9BFC-441F8BCE46FF}.Debug|Any CPU.Build.0 = Debug|Any CPU
		{65077464-CC2D-44D8-9BFC-441F8BCE46FF}.Release|Any CPU.ActiveCfg = Release|Any CPU
		{65077464-CC2D-44D8-9BFC-441F8BCE46FF}.Release|Any CPU.Build.0 = Release|Any CPU
	EndGlobalSection
	GlobalSection(SolutionProperties) = preSolution
		HideSolutionNode = FALSE
	EndGlobalSection
	GlobalSection(ExtensibilityGlobals) = postSolution
		SolutionGuid = {A2EC5976-C4F7-454F-B6BA-AD213273A9E1}
	EndGlobalSection
EndGlobal
